
Microsoft Visual Studio Solution File, Format Version 12.00
# Visual Studio 15
VisualStudioVersion = 15.0.28010.2016
MinimumVisualStudioVersion = 10.0.40219.1
Project("{FAE04EC0-301F-11D3-BF4B-00C04F79EFBC}") = "technoprog4-3", "technoprog4-3\technoprog4-3.csproj", "{D8A807C8-810A-4786-A100-3623504EA454}"
EndProject
Project("{FAE04EC0-301F-11D3-BF4B-00C04F79EFBC}") = "technoprog4-HW", "technoprog4-HW\technoprog4-HW.csproj", "{88E37CBD-CD85-4DA3-A552-7D802C1088D2}"
EndProject
Global
	GlobalSection(SolutionConfigurationPlatforms) = preSolution
		Debug|Any CPU = Debug|Any CPU
		Release|Any CPU = Release|Any CPU
	EndGlobalSection
	GlobalSection(ProjectConfigurationPlatforms) = postSolution
		{D8A807C8-810A-4786-A100-3623504EA454}.Debug|Any CPU.ActiveCfg = Debug|Any CPU
		{D8A807C8-810A-4786-A100-3623504EA454}.Debug|Any CPU.Build.0 = Debug|Any CPU
		{D8A807C8-810A-4786-A100-3623504EA454}.Release|Any CPU.ActiveCfg = Release|Any CPU
		{D8A807C8-810A-4786-A100-3623504EA454}.Release|Any CPU.Build.0 = Release|Any CPU
		{88E37CBD-CD85-4DA3-A552-7D802C1088D2}.Debug|Any CPU.ActiveCfg = Debug|Any CPU
		{88E37CBD-CD85-4DA3-A552-7D802C1088D2}.Debug|Any CPU.Build.0 = Debug|Any CPU
		{88E37CBD-CD85-4DA3-A552-7D802C1088D2}.Release|Any CPU.ActiveCfg = Release|Any CPU
		{88E37CBD-CD85-4DA3-A552-7D802C1088D2}.Release|Any CPU.Build.0 = Release|Any CPU
	EndGlobalSection
	GlobalSection(SolutionProperties) = preSolution
		HideSolutionNode = FALSE
	EndGlobalSection
	GlobalSection(ExtensibilityGlobals) = postSolution
		SolutionGuid = {6D1F5786-6215-4E7D-A824-D1187BDD5E04}
	EndGlobalSection
EndGlobal
