
Microsoft Visual Studio Solution File, Format Version 12.00
# Visual Studio 15
VisualStudioVersion = 15.0.28010.2016
MinimumVisualStudioVersion = 10.0.40219.1
Project("{FAE04EC0-301F-11D3-BF4B-00C04F79EFBC}") = "technoprog", "technoprog\technoprog.csproj", "{8DF812D4-A810-45C0-A3EB-41419F871A6F}"
EndProject
Project("{FAE04EC0-301F-11D3-BF4B-00C04F79EFBC}") = "technoprog1-2", "technoprog1-2\technoprog1-2.csproj", "{F8A6FA6C-1923-4FCE-A287-B5BC92CC7DFF}"
EndProject
Project("{FAE04EC0-301F-11D3-BF4B-00C04F79EFBC}") = "technoprog1-3", "technoprog1-3\technoprog1-3.csproj", "{81C29D2B-7A2D-4B41-81DF-B195C1E970B5}"
EndProject
Project("{FAE04EC0-301F-11D3-BF4B-00C04F79EFBC}") = "technoprog1-4.1", "technoprog1-4.1\technoprog1-4.1.csproj", "{B61EDCB2-3C8B-4C7F-BBA6-6901AD138935}"
EndProject
Project("{FAE04EC0-301F-11D3-BF4B-00C04F79EFBC}") = "technoprog-1-HW", "technoprog-1-HW\technoprog-1-HW.csproj", "{40005D19-2395-418C-9FAE-7ADBDD9AA472}"
EndProject
Project("{FAE04EC0-301F-11D3-BF4B-00C04F79EFBC}") = "technoprog2-1", "technoprog2-1\technoprog2-1.csproj", "{F20DFE4F-5B90-4C40-8629-D3E9F172DAB1}"
EndProject
Project("{FAE04EC0-301F-11D3-BF4B-00C04F79EFBC}") = "technoprog2-2", "technoprog2-2\technoprog2-2.csproj", "{AECF6139-5FC3-45DF-93B0-E7834ACB7569}"
EndProject
Project("{FAE04EC0-301F-11D3-BF4B-00C04F79EFBC}") = "technoprog2-3", "technoprog2-3\technoprog2-3.csproj", "{3589C7FF-2E84-41C7-88CA-64CE3EAE2F78}"
EndProject
Project("{FAE04EC0-301F-11D3-BF4B-00C04F79EFBC}") = "technoprog2-4", "technoprog2-4\technoprog2-4.csproj", "{8EC0800C-EE45-4765-A231-89C1199BF75A}"
EndProject
Project("{FAE04EC0-301F-11D3-BF4B-00C04F79EFBC}") = "technoprog2-HW", "technoprog2-HW\technoprog2-HW.csproj", "{8DEC5E04-55F6-4F5D-AAED-E380547E44B7}"
EndProject
Project("{FAE04EC0-301F-11D3-BF4B-00C04F79EFBC}") = "technoprog3-1", "technoprog3-1\technoprog3-1.csproj", "{A0121322-887A-4A60-AA3E-303FA29D9892}"
EndProject
Project("{FAE04EC0-301F-11D3-BF4B-00C04F79EFBC}") = "technoprog3-1-2", "technoprog3-1-2\technoprog3-1-2.csproj", "{7E0ADA11-0FF7-4F20-8D30-D2CED770DACD}"
EndProject
Project("{FAE04EC0-301F-11D3-BF4B-00C04F79EFBC}") = "technoprog3-2", "technoprog3-2\technoprog3-2.csproj", "{E4C39A83-8DD5-4A29-A75D-BC26D5CA31B1}"
EndProject
Project("{FAE04EC0-301F-11D3-BF4B-00C04F79EFBC}") = "technoprog3-3", "technoprog3-3\technoprog3-3.csproj", "{A40406F0-415F-426E-BF32-80C72CB13F15}"
EndProject
Project("{FAE04EC0-301F-11D3-BF4B-00C04F79EFBC}") = "technoprog5-1", "technoprog5-1\technoprog5-1.csproj", "{4D9E99F4-9887-4AB3-9F8D-F717C3879052}"
EndProject
Project("{FAE04EC0-301F-11D3-BF4B-00C04F79EFBC}") = "technoprog5-2", "technoprog5-2\technoprog5-2.csproj", "{CB5541E5-D4C4-46AB-97A5-24DEEB85974E}"
EndProject
Project("{FAE04EC0-301F-11D3-BF4B-00C04F79EFBC}") = "technoprog6-1", "technoprog6-1\technoprog6-1.csproj", "{4B8254A5-3214-4F82-A531-756395ED3B8F}"
EndProject
Project("{FAE04EC0-301F-11D3-BF4B-00C04F79EFBC}") = "technoprog6-2", "technoprog6-2\technoprog6-2.csproj", "{72F81929-0F88-419A-A318-35616344B17E}"
EndProject
Global
	GlobalSection(SolutionConfigurationPlatforms) = preSolution
		Debug|Any CPU = Debug|Any CPU
		Release|Any CPU = Release|Any CPU
	EndGlobalSection
	GlobalSection(ProjectConfigurationPlatforms) = postSolution
		{8DF812D4-A810-45C0-A3EB-41419F871A6F}.Debug|Any CPU.ActiveCfg = Debug|Any CPU
		{8DF812D4-A810-45C0-A3EB-41419F871A6F}.Debug|Any CPU.Build.0 = Debug|Any CPU
		{8DF812D4-A810-45C0-A3EB-41419F871A6F}.Release|Any CPU.ActiveCfg = Release|Any CPU
		{8DF812D4-A810-45C0-A3EB-41419F871A6F}.Release|Any CPU.Build.0 = Release|Any CPU
		{F8A6FA6C-1923-4FCE-A287-B5BC92CC7DFF}.Debug|Any CPU.ActiveCfg = Debug|Any CPU
		{F8A6FA6C-1923-4FCE-A287-B5BC92CC7DFF}.Debug|Any CPU.Build.0 = Debug|Any CPU
		{F8A6FA6C-1923-4FCE-A287-B5BC92CC7DFF}.Release|Any CPU.ActiveCfg = Release|Any CPU
		{F8A6FA6C-1923-4FCE-A287-B5BC92CC7DFF}.Release|Any CPU.Build.0 = Release|Any CPU
		{81C29D2B-7A2D-4B41-81DF-B195C1E970B5}.Debug|Any CPU.ActiveCfg = Debug|Any CPU
		{81C29D2B-7A2D-4B41-81DF-B195C1E970B5}.Debug|Any CPU.Build.0 = Debug|Any CPU
		{81C29D2B-7A2D-4B41-81DF-B195C1E970B5}.Release|Any CPU.ActiveCfg = Release|Any CPU
		{81C29D2B-7A2D-4B41-81DF-B195C1E970B5}.Release|Any CPU.Build.0 = Release|Any CPU
		{B61EDCB2-3C8B-4C7F-BBA6-6901AD138935}.Debug|Any CPU.ActiveCfg = Debug|Any CPU
		{B61EDCB2-3C8B-4C7F-BBA6-6901AD138935}.Debug|Any CPU.Build.0 = Debug|Any CPU
		{B61EDCB2-3C8B-4C7F-BBA6-6901AD138935}.Release|Any CPU.ActiveCfg = Release|Any CPU
		{B61EDCB2-3C8B-4C7F-BBA6-6901AD138935}.Release|Any CPU.Build.0 = Release|Any CPU
		{40005D19-2395-418C-9FAE-7ADBDD9AA472}.Debug|Any CPU.ActiveCfg = Debug|Any CPU
		{40005D19-2395-418C-9FAE-7ADBDD9AA472}.Debug|Any CPU.Build.0 = Debug|Any CPU
		{40005D19-2395-418C-9FAE-7ADBDD9AA472}.Release|Any CPU.ActiveCfg = Release|Any CPU
		{40005D19-2395-418C-9FAE-7ADBDD9AA472}.Release|Any CPU.Build.0 = Release|Any CPU
		{F20DFE4F-5B90-4C40-8629-D3E9F172DAB1}.Debug|Any CPU.ActiveCfg = Debug|Any CPU
		{F20DFE4F-5B90-4C40-8629-D3E9F172DAB1}.Debug|Any CPU.Build.0 = Debug|Any CPU
		{F20DFE4F-5B90-4C40-8629-D3E9F172DAB1}.Release|Any CPU.ActiveCfg = Release|Any CPU
		{F20DFE4F-5B90-4C40-8629-D3E9F172DAB1}.Release|Any CPU.Build.0 = Release|Any CPU
		{AECF6139-5FC3-45DF-93B0-E7834ACB7569}.Debug|Any CPU.ActiveCfg = Debug|Any CPU
		{AECF6139-5FC3-45DF-93B0-E7834ACB7569}.Debug|Any CPU.Build.0 = Debug|Any CPU
		{AECF6139-5FC3-45DF-93B0-E7834ACB7569}.Release|Any CPU.ActiveCfg = Release|Any CPU
		{AECF6139-5FC3-45DF-93B0-E7834ACB7569}.Release|Any CPU.Build.0 = Release|Any CPU
		{3589C7FF-2E84-41C7-88CA-64CE3EAE2F78}.Debug|Any CPU.ActiveCfg = Debug|Any CPU
		{3589C7FF-2E84-41C7-88CA-64CE3EAE2F78}.Debug|Any CPU.Build.0 = Debug|Any CPU
		{3589C7FF-2E84-41C7-88CA-64CE3EAE2F78}.Release|Any CPU.ActiveCfg = Release|Any CPU
		{3589C7FF-2E84-41C7-88CA-64CE3EAE2F78}.Release|Any CPU.Build.0 = Release|Any CPU
		{8EC0800C-EE45-4765-A231-89C1199BF75A}.Debug|Any CPU.ActiveCfg = Debug|Any CPU
		{8EC0800C-EE45-4765-A231-89C1199BF75A}.Debug|Any CPU.Build.0 = Debug|Any CPU
		{8EC0800C-EE45-4765-A231-89C1199BF75A}.Release|Any CPU.ActiveCfg = Release|Any CPU
		{8EC0800C-EE45-4765-A231-89C1199BF75A}.Release|Any CPU.Build.0 = Release|Any CPU
		{8DEC5E04-55F6-4F5D-AAED-E380547E44B7}.Debug|Any CPU.ActiveCfg = Debug|Any CPU
		{8DEC5E04-55F6-4F5D-AAED-E380547E44B7}.Debug|Any CPU.Build.0 = Debug|Any CPU
		{8DEC5E04-55F6-4F5D-AAED-E380547E44B7}.Release|Any CPU.ActiveCfg = Release|Any CPU
		{8DEC5E04-55F6-4F5D-AAED-E380547E44B7}.Release|Any CPU.Build.0 = Release|Any CPU
		{A0121322-887A-4A60-AA3E-303FA29D9892}.Debug|Any CPU.ActiveCfg = Debug|Any CPU
		{A0121322-887A-4A60-AA3E-303FA29D9892}.Debug|Any CPU.Build.0 = Debug|Any CPU
		{A0121322-887A-4A60-AA3E-303FA29D9892}.Release|Any CPU.ActiveCfg = Release|Any CPU
		{A0121322-887A-4A60-AA3E-303FA29D9892}.Release|Any CPU.Build.0 = Release|Any CPU
		{7E0ADA11-0FF7-4F20-8D30-D2CED770DACD}.Debug|Any CPU.ActiveCfg = Debug|Any CPU
		{7E0ADA11-0FF7-4F20-8D30-D2CED770DACD}.Debug|Any CPU.Build.0 = Debug|Any CPU
		{7E0ADA11-0FF7-4F20-8D30-D2CED770DACD}.Release|Any CPU.ActiveCfg = Release|Any CPU
		{7E0ADA11-0FF7-4F20-8D30-D2CED770DACD}.Release|Any CPU.Build.0 = Release|Any CPU
		{E4C39A83-8DD5-4A29-A75D-BC26D5CA31B1}.Debug|Any CPU.ActiveCfg = Debug|Any CPU
		{E4C39A83-8DD5-4A29-A75D-BC26D5CA31B1}.Debug|Any CPU.Build.0 = Debug|Any CPU
		{E4C39A83-8DD5-4A29-A75D-BC26D5CA31B1}.Release|Any CPU.ActiveCfg = Release|Any CPU
		{E4C39A83-8DD5-4A29-A75D-BC26D5CA31B1}.Release|Any CPU.Build.0 = Release|Any CPU
		{A40406F0-415F-426E-BF32-80C72CB13F15}.Debug|Any CPU.ActiveCfg = Debug|Any CPU
		{A40406F0-415F-426E-BF32-80C72CB13F15}.Debug|Any CPU.Build.0 = Debug|Any CPU
		{A40406F0-415F-426E-BF32-80C72CB13F15}.Release|Any CPU.ActiveCfg = Release|Any CPU
		{A40406F0-415F-426E-BF32-80C72CB13F15}.Release|Any CPU.Build.0 = Release|Any CPU
		{4D9E99F4-9887-4AB3-9F8D-F717C3879052}.Debug|Any CPU.ActiveCfg = Debug|Any CPU
		{4D9E99F4-9887-4AB3-9F8D-F717C3879052}.Debug|Any CPU.Build.0 = Debug|Any CPU
		{4D9E99F4-9887-4AB3-9F8D-F717C3879052}.Release|Any CPU.ActiveCfg = Release|Any CPU
		{4D9E99F4-9887-4AB3-9F8D-F717C3879052}.Release|Any CPU.Build.0 = Release|Any CPU
		{CB5541E5-D4C4-46AB-97A5-24DEEB85974E}.Debug|Any CPU.ActiveCfg = Debug|Any CPU
		{CB5541E5-D4C4-46AB-97A5-24DEEB85974E}.Debug|Any CPU.Build.0 = Debug|Any CPU
		{CB5541E5-D4C4-46AB-97A5-24DEEB85974E}.Release|Any CPU.ActiveCfg = Release|Any CPU
		{CB5541E5-D4C4-46AB-97A5-24DEEB85974E}.Release|Any CPU.Build.0 = Release|Any CPU
		{4B8254A5-3214-4F82-A531-756395ED3B8F}.Debug|Any CPU.ActiveCfg = Debug|Any CPU
		{4B8254A5-3214-4F82-A531-756395ED3B8F}.Debug|Any CPU.Build.0 = Debug|Any CPU
		{4B8254A5-3214-4F82-A531-756395ED3B8F}.Release|Any CPU.ActiveCfg = Release|Any CPU
		{4B8254A5-3214-4F82-A531-756395ED3B8F}.Release|Any CPU.Build.0 = Release|Any CPU
		{72F81929-0F88-419A-A318-35616344B17E}.Debug|Any CPU.ActiveCfg = Debug|Any CPU
		{72F81929-0F88-419A-A318-35616344B17E}.Debug|Any CPU.Build.0 = Debug|Any CPU
		{72F81929-0F88-419A-A318-35616344B17E}.Release|Any CPU.ActiveCfg = Release|Any CPU
		{72F81929-0F88-419A-A318-35616344B17E}.Release|Any CPU.Build.0 = Release|Any CPU
	EndGlobalSection
	GlobalSection(SolutionProperties) = preSolution
		HideSolutionNode = FALSE
	EndGlobalSection
	GlobalSection(ExtensibilityGlobals) = postSolution
		SolutionGuid = {39127C8B-1DE2-4781-9B9A-AA4C0ECB6DC2}
	EndGlobalSection
EndGlobal
