
Microsoft Visual Studio Solution File, Format Version 12.00
# Visual Studio 15
VisualStudioVersion = 15.0.28010.2016
MinimumVisualStudioVersion = 10.0.40219.1
Project("{FAE04EC0-301F-11D3-BF4B-00C04F79EFBC}") = "graphpract", "graphpract\graphpract.csproj", "{A660605D-1722-4C08-8B1E-1E994756CB6E}"
EndProject
Global
	GlobalSection(SolutionConfigurationPlatforms) = preSolution
		Debug|Any CPU = Debug|Any CPU
		Release|Any CPU = Release|Any CPU
	EndGlobalSection
	GlobalSection(ProjectConfigurationPlatforms) = postSolution
		{A660605D-1722-4C08-8B1E-1E994756CB6E}.Debug|Any CPU.ActiveCfg = Debug|Any CPU
		{A660605D-1722-4C08-8B1E-1E994756CB6E}.Debug|Any CPU.Build.0 = Debug|Any CPU
		{A660605D-1722-4C08-8B1E-1E994756CB6E}.Release|Any CPU.ActiveCfg = Release|Any CPU
		{A660605D-1722-4C08-8B1E-1E994756CB6E}.Release|Any CPU.Build.0 = Release|Any CPU
	EndGlobalSection
	GlobalSection(SolutionProperties) = preSolution
		HideSolutionNode = FALSE
	EndGlobalSection
	GlobalSection(ExtensibilityGlobals) = postSolution
		SolutionGuid = {02D72BE0-0269-45D9-A9B6-2BA3FA2882D5}
	EndGlobalSection
EndGlobal
