
Microsoft Visual Studio Solution File, Format Version 12.00
# Visual Studio 15
VisualStudioVersion = 15.0.27703.2026
MinimumVisualStudioVersion = 10.0.40219.1
Project("{F2A71F9B-5D33-465A-A702-920D77279786}") = "techprog13", "techprog13.fsproj", "{880AEED0-22F3-46F5-9F39-315C350F83A2}"
EndProject
Global
	GlobalSection(SolutionConfigurationPlatforms) = preSolution
		Debug|Any CPU = Debug|Any CPU
		Release|Any CPU = Release|Any CPU
	EndGlobalSection
	GlobalSection(ProjectConfigurationPlatforms) = postSolution
		{880AEED0-22F3-46F5-9F39-315C350F83A2}.Debug|Any CPU.ActiveCfg = Debug|Any CPU
		{880AEED0-22F3-46F5-9F39-315C350F83A2}.Debug|Any CPU.Build.0 = Debug|Any CPU
		{880AEED0-22F3-46F5-9F39-315C350F83A2}.Release|Any CPU.ActiveCfg = Release|Any CPU
		{880AEED0-22F3-46F5-9F39-315C350F83A2}.Release|Any CPU.Build.0 = Release|Any CPU
	EndGlobalSection
	GlobalSection(SolutionProperties) = preSolution
		HideSolutionNode = FALSE
	EndGlobalSection
	GlobalSection(ExtensibilityGlobals) = postSolution
		SolutionGuid = {D41AEF9E-66C8-4377-BCA1-B3672938CDB5}
	EndGlobalSection
EndGlobal
