
Microsoft Visual Studio Solution File, Format Version 12.00
# Visual Studio 15
VisualStudioVersion = 15.0.28010.2016
MinimumVisualStudioVersion = 10.0.40219.1
Project("{8BC9CEB8-8B4A-11D0-8D11-00A0C91BC942}") = "SerialGauss", "SerialGauss\SerialGauss.vcxproj", "{4E30A336-EC0C-4DF3-8E62-E5184323A5E6}"
EndProject
Project("{8BC9CEB8-8B4A-11D0-8D11-00A0C91BC942}") = "ParallelGauss", "ParallelGauss\ParallelGauss.vcxproj", "{9E4FAEAB-9347-4E7F-B163-E632098D02C1}"
EndProject
Project("{8BC9CEB8-8B4A-11D0-8D11-00A0C91BC942}") = "SerialFFT", "SerialFFT\SerialFFT.vcxproj", "{8FB4BC3C-60CB-4D19-A3EF-14A8A6A7D976}"
EndProject
Project("{8BC9CEB8-8B4A-11D0-8D11-00A0C91BC942}") = "ParallelNonrecursiveFFT", "ParallelNonrecursiveFFT\ParallelNonrecursiveFFT.vcxproj", "{C6144E9A-B7B3-4C77-B5D5-FBAB9796F9EB}"
EndProject
Project("{8BC9CEB8-8B4A-11D0-8D11-00A0C91BC942}") = "FFTCalculation", "FFTCalculation\FFTCalculation.vcxproj", "{03D2719A-9C14-437E-92F8-DCBA23C79EA0}"
EndProject
Global
	GlobalSection(SolutionConfigurationPlatforms) = preSolution
		Debug|x64 = Debug|x64
		Debug|x86 = Debug|x86
		Release|x64 = Release|x64
		Release|x86 = Release|x86
	EndGlobalSection
	GlobalSection(ProjectConfigurationPlatforms) = postSolution
		{4E30A336-EC0C-4DF3-8E62-E5184323A5E6}.Debug|x64.ActiveCfg = Debug|x64
		{4E30A336-EC0C-4DF3-8E62-E5184323A5E6}.Debug|x64.Build.0 = Debug|x64
		{4E30A336-EC0C-4DF3-8E62-E5184323A5E6}.Debug|x86.ActiveCfg = Debug|Win32
		{4E30A336-EC0C-4DF3-8E62-E5184323A5E6}.Debug|x86.Build.0 = Debug|Win32
		{4E30A336-EC0C-4DF3-8E62-E5184323A5E6}.Release|x64.ActiveCfg = Release|x64
		{4E30A336-EC0C-4DF3-8E62-E5184323A5E6}.Release|x64.Build.0 = Release|x64
		{4E30A336-EC0C-4DF3-8E62-E5184323A5E6}.Release|x86.ActiveCfg = Release|Win32
		{4E30A336-EC0C-4DF3-8E62-E5184323A5E6}.Release|x86.Build.0 = Release|Win32
		{9E4FAEAB-9347-4E7F-B163-E632098D02C1}.Debug|x64.ActiveCfg = Debug|x64
		{9E4FAEAB-9347-4E7F-B163-E632098D02C1}.Debug|x64.Build.0 = Debug|x64
		{9E4FAEAB-9347-4E7F-B163-E632098D02C1}.Debug|x86.ActiveCfg = Debug|Win32
		{9E4FAEAB-9347-4E7F-B163-E632098D02C1}.Debug|x86.Build.0 = Debug|Win32
		{9E4FAEAB-9347-4E7F-B163-E632098D02C1}.Release|x64.ActiveCfg = Release|x64
		{9E4FAEAB-9347-4E7F-B163-E632098D02C1}.Release|x64.Build.0 = Release|x64
		{9E4FAEAB-9347-4E7F-B163-E632098D02C1}.Release|x86.ActiveCfg = Release|Win32
		{9E4FAEAB-9347-4E7F-B163-E632098D02C1}.Release|x86.Build.0 = Release|Win32
		{8FB4BC3C-60CB-4D19-A3EF-14A8A6A7D976}.Debug|x64.ActiveCfg = Debug|x64
		{8FB4BC3C-60CB-4D19-A3EF-14A8A6A7D976}.Debug|x64.Build.0 = Debug|x64
		{8FB4BC3C-60CB-4D19-A3EF-14A8A6A7D976}.Debug|x86.ActiveCfg = Debug|Win32
		{8FB4BC3C-60CB-4D19-A3EF-14A8A6A7D976}.Debug|x86.Build.0 = Debug|Win32
		{8FB4BC3C-60CB-4D19-A3EF-14A8A6A7D976}.Release|x64.ActiveCfg = Release|x64
		{8FB4BC3C-60CB-4D19-A3EF-14A8A6A7D976}.Release|x64.Build.0 = Release|x64
		{8FB4BC3C-60CB-4D19-A3EF-14A8A6A7D976}.Release|x86.ActiveCfg = Release|Win32
		{8FB4BC3C-60CB-4D19-A3EF-14A8A6A7D976}.Release|x86.Build.0 = Release|Win32
		{C6144E9A-B7B3-4C77-B5D5-FBAB9796F9EB}.Debug|x64.ActiveCfg = Debug|x64
		{C6144E9A-B7B3-4C77-B5D5-FBAB9796F9EB}.Debug|x64.Build.0 = Debug|x64
		{C6144E9A-B7B3-4C77-B5D5-FBAB9796F9EB}.Debug|x86.ActiveCfg = Debug|Win32
		{C6144E9A-B7B3-4C77-B5D5-FBAB9796F9EB}.Debug|x86.Build.0 = Debug|Win32
		{C6144E9A-B7B3-4C77-B5D5-FBAB9796F9EB}.Release|x64.ActiveCfg = Release|x64
		{C6144E9A-B7B3-4C77-B5D5-FBAB9796F9EB}.Release|x64.Build.0 = Release|x64
		{C6144E9A-B7B3-4C77-B5D5-FBAB9796F9EB}.Release|x86.ActiveCfg = Release|Win32
		{C6144E9A-B7B3-4C77-B5D5-FBAB9796F9EB}.Release|x86.Build.0 = Release|Win32
		{03D2719A-9C14-437E-92F8-DCBA23C79EA0}.Debug|x64.ActiveCfg = Debug|x64
		{03D2719A-9C14-437E-92F8-DCBA23C79EA0}.Debug|x64.Build.0 = Debug|x64
		{03D2719A-9C14-437E-92F8-DCBA23C79EA0}.Debug|x86.ActiveCfg = Debug|Win32
		{03D2719A-9C14-437E-92F8-DCBA23C79EA0}.Debug|x86.Build.0 = Debug|Win32
		{03D2719A-9C14-437E-92F8-DCBA23C79EA0}.Release|x64.ActiveCfg = Release|x64
		{03D2719A-9C14-437E-92F8-DCBA23C79EA0}.Release|x64.Build.0 = Release|x64
		{03D2719A-9C14-437E-92F8-DCBA23C79EA0}.Release|x86.ActiveCfg = Release|Win32
		{03D2719A-9C14-437E-92F8-DCBA23C79EA0}.Release|x86.Build.0 = Release|Win32
	EndGlobalSection
	GlobalSection(SolutionProperties) = preSolution
		HideSolutionNode = FALSE
	EndGlobalSection
	GlobalSection(ExtensibilityGlobals) = postSolution
		SolutionGuid = {E4B53909-6142-43D9-A032-F733667029F6}
	EndGlobalSection
EndGlobal
